
Microsoft Visual Studio Solution File, Format Version 12.00
# Visual Studio Version 17
VisualStudioVersion = 17.8.34330.188
MinimumVisualStudioVersion = 10.0.40219.1
Project("{888888A0-9F3D-457C-B088-3A5042F75D52}") = "remoteCursorControl", "remoteCursorControl\remoteCursorControl.pyproj", "{23848019-89C8-44F5-B46D-171E20852638}"
EndProject
Global
	GlobalSection(SolutionConfigurationPlatforms) = preSolution
		Debug|Any CPU = Debug|Any CPU
		Release|Any CPU = Release|Any CPU
	EndGlobalSection
	GlobalSection(ProjectConfigurationPlatforms) = postSolution
		{23848019-89C8-44F5-B46D-171E20852638}.Debug|Any CPU.ActiveCfg = Debug|Any CPU
		{23848019-89C8-44F5-B46D-171E20852638}.Release|Any CPU.ActiveCfg = Release|Any CPU
	EndGlobalSection
	GlobalSection(SolutionProperties) = preSolution
		HideSolutionNode = FALSE
	EndGlobalSection
	GlobalSection(ExtensibilityGlobals) = postSolution
		SolutionGuid = {48F56E3B-FE28-4877-9ED9-1AF95A2127B9}
	EndGlobalSection
EndGlobal
